
Microsoft Visual Studio Solution File, Format Version 12.00
# Visual Studio Version 16
VisualStudioVersion = 16.0.32901.82
MinimumVisualStudioVersion = 10.0.40219.1
Project("{FAE04EC0-301F-11D3-BF4B-00C04F79EFBC}") = "01.GiftBoxCoverage", "01.GiftBoxCoverage\01.GiftBoxCoverage.csproj", "{39680D5C-EA90-4E56-AED4-EC9766628E33}"
EndProject
Project("{FAE04EC0-301F-11D3-BF4B-00C04F79EFBC}") = "02.GeneratingNumbers", "02.GeneratingNumbers\02.GeneratingNumbers.csproj", "{F1121BEA-21C4-4CF4-B0C9-6E8F8CAE7C9E}"
EndProject
Project("{FAE04EC0-301F-11D3-BF4B-00C04F79EFBC}") = "03.MagicCards", "03.MagicCards\03.MagicCards.csproj", "{415EDFEC-7B1A-4545-AEEC-5231851AF3DD}"
EndProject
Global
	GlobalSection(SolutionConfigurationPlatforms) = preSolution
		Debug|Any CPU = Debug|Any CPU
		Release|Any CPU = Release|Any CPU
	EndGlobalSection
	GlobalSection(ProjectConfigurationPlatforms) = postSolution
		{39680D5C-EA90-4E56-AED4-EC9766628E33}.Debug|Any CPU.ActiveCfg = Debug|Any CPU
		{39680D5C-EA90-4E56-AED4-EC9766628E33}.Debug|Any CPU.Build.0 = Debug|Any CPU
		{39680D5C-EA90-4E56-AED4-EC9766628E33}.Release|Any CPU.ActiveCfg = Release|Any CPU
		{39680D5C-EA90-4E56-AED4-EC9766628E33}.Release|Any CPU.Build.0 = Release|Any CPU
		{F1121BEA-21C4-4CF4-B0C9-6E8F8CAE7C9E}.Debug|Any CPU.ActiveCfg = Debug|Any CPU
		{F1121BEA-21C4-4CF4-B0C9-6E8F8CAE7C9E}.Debug|Any CPU.Build.0 = Debug|Any CPU
		{F1121BEA-21C4-4CF4-B0C9-6E8F8CAE7C9E}.Release|Any CPU.ActiveCfg = Release|Any CPU
		{F1121BEA-21C4-4CF4-B0C9-6E8F8CAE7C9E}.Release|Any CPU.Build.0 = Release|Any CPU
		{415EDFEC-7B1A-4545-AEEC-5231851AF3DD}.Debug|Any CPU.ActiveCfg = Debug|Any CPU
		{415EDFEC-7B1A-4545-AEEC-5231851AF3DD}.Debug|Any CPU.Build.0 = Debug|Any CPU
		{415EDFEC-7B1A-4545-AEEC-5231851AF3DD}.Release|Any CPU.ActiveCfg = Release|Any CPU
		{415EDFEC-7B1A-4545-AEEC-5231851AF3DD}.Release|Any CPU.Build.0 = Release|Any CPU
	EndGlobalSection
	GlobalSection(SolutionProperties) = preSolution
		HideSolutionNode = FALSE
	EndGlobalSection
	GlobalSection(ExtensibilityGlobals) = postSolution
		SolutionGuid = {6AF262E4-AB2E-4CC3-BFD0-23AC5F7CC728}
	EndGlobalSection
EndGlobal
