
Microsoft Visual Studio Solution File, Format Version 12.00
# Visual Studio Version 16
VisualStudioVersion = 16.0.32901.82
MinimumVisualStudioVersion = 10.0.40219.1
Project("{FAE04EC0-301F-11D3-BF4B-00C04F79EFBC}") = "01.WinningTicket", "01.WinningTicket\01.WinningTicket.csproj", "{0DF979F1-B870-46F9-97F7-E28C948A89AA}"
EndProject
Project("{FAE04EC0-301F-11D3-BF4B-00C04F79EFBC}") = "02.RageQuit", "02.RageQuit\02.RageQuit.csproj", "{955F38CD-31AA-4424-8740-B33E5478ADA4}"
EndProject
Project("{FAE04EC0-301F-11D3-BF4B-00C04F79EFBC}") = "03.PostOffice", "03.PostOffice\03.PostOffice.csproj", "{A9C7D357-EBE4-42E1-AEDE-F6C32A77C67B}"
EndProject
Project("{FAE04EC0-301F-11D3-BF4B-00C04F79EFBC}") = "04.Santa'sSecretHelper", "04.Santa'sSecretHelper\04.Santa'sSecretHelper.csproj", "{B25BC29D-9F2B-45D3-8E7D-7E2218C996E7}"
EndProject
Global
	GlobalSection(SolutionConfigurationPlatforms) = preSolution
		Debug|Any CPU = Debug|Any CPU
		Release|Any CPU = Release|Any CPU
	EndGlobalSection
	GlobalSection(ProjectConfigurationPlatforms) = postSolution
		{0DF979F1-B870-46F9-97F7-E28C948A89AA}.Debug|Any CPU.ActiveCfg = Debug|Any CPU
		{0DF979F1-B870-46F9-97F7-E28C948A89AA}.Debug|Any CPU.Build.0 = Debug|Any CPU
		{0DF979F1-B870-46F9-97F7-E28C948A89AA}.Release|Any CPU.ActiveCfg = Release|Any CPU
		{0DF979F1-B870-46F9-97F7-E28C948A89AA}.Release|Any CPU.Build.0 = Release|Any CPU
		{955F38CD-31AA-4424-8740-B33E5478ADA4}.Debug|Any CPU.ActiveCfg = Debug|Any CPU
		{955F38CD-31AA-4424-8740-B33E5478ADA4}.Debug|Any CPU.Build.0 = Debug|Any CPU
		{955F38CD-31AA-4424-8740-B33E5478ADA4}.Release|Any CPU.ActiveCfg = Release|Any CPU
		{955F38CD-31AA-4424-8740-B33E5478ADA4}.Release|Any CPU.Build.0 = Release|Any CPU
		{A9C7D357-EBE4-42E1-AEDE-F6C32A77C67B}.Debug|Any CPU.ActiveCfg = Debug|Any CPU
		{A9C7D357-EBE4-42E1-AEDE-F6C32A77C67B}.Debug|Any CPU.Build.0 = Debug|Any CPU
		{A9C7D357-EBE4-42E1-AEDE-F6C32A77C67B}.Release|Any CPU.ActiveCfg = Release|Any CPU
		{A9C7D357-EBE4-42E1-AEDE-F6C32A77C67B}.Release|Any CPU.Build.0 = Release|Any CPU
		{B25BC29D-9F2B-45D3-8E7D-7E2218C996E7}.Debug|Any CPU.ActiveCfg = Debug|Any CPU
		{B25BC29D-9F2B-45D3-8E7D-7E2218C996E7}.Debug|Any CPU.Build.0 = Debug|Any CPU
		{B25BC29D-9F2B-45D3-8E7D-7E2218C996E7}.Release|Any CPU.ActiveCfg = Release|Any CPU
		{B25BC29D-9F2B-45D3-8E7D-7E2218C996E7}.Release|Any CPU.Build.0 = Release|Any CPU
	EndGlobalSection
	GlobalSection(SolutionProperties) = preSolution
		HideSolutionNode = FALSE
	EndGlobalSection
	GlobalSection(ExtensibilityGlobals) = postSolution
		SolutionGuid = {B8212EC9-D7FE-45E9-BC23-5465A20D049D}
	EndGlobalSection
EndGlobal
