
Microsoft Visual Studio Solution File, Format Version 12.00
# Visual Studio Version 16
VisualStudioVersion = 16.0.32901.82
MinimumVisualStudioVersion = 10.0.40219.1
Project("{FAE04EC0-301F-11D3-BF4B-00C04F79EFBC}") = "01.CompanyRoster", "01.CompanyRoster\01.CompanyRoster.csproj", "{D1C49D1A-1B99-454F-B895-D69B8031A1B4}"
EndProject
Project("{FAE04EC0-301F-11D3-BF4B-00C04F79EFBC}") = "02.OldestFamilyMember", "02.OldestFamilyMember\02.OldestFamilyMember.csproj", "{9214685F-6328-4E29-BFAF-C15001DB4148}"
EndProject
Project("{FAE04EC0-301F-11D3-BF4B-00C04F79EFBC}") = "03.SpeedRacing", "03.SpeedRacing\03.SpeedRacing.csproj", "{0D099665-420B-42F1-88AA-58B683BCFEA8}"
EndProject
Project("{FAE04EC0-301F-11D3-BF4B-00C04F79EFBC}") = "04.RawData", "04.RawData\04.RawData.csproj", "{D1F0C82B-A781-4509-869A-C99CD0DC386C}"
EndProject
Project("{FAE04EC0-301F-11D3-BF4B-00C04F79EFBC}") = "05.ShoppingSpree", "05.ShoppingSpree\05.ShoppingSpree.csproj", "{EA060D06-C3CA-4ECC-B24E-2D54F5ADEB3C}"
EndProject
Global
	GlobalSection(SolutionConfigurationPlatforms) = preSolution
		Debug|Any CPU = Debug|Any CPU
		Release|Any CPU = Release|Any CPU
	EndGlobalSection
	GlobalSection(ProjectConfigurationPlatforms) = postSolution
		{D1C49D1A-1B99-454F-B895-D69B8031A1B4}.Debug|Any CPU.ActiveCfg = Debug|Any CPU
		{D1C49D1A-1B99-454F-B895-D69B8031A1B4}.Debug|Any CPU.Build.0 = Debug|Any CPU
		{D1C49D1A-1B99-454F-B895-D69B8031A1B4}.Release|Any CPU.ActiveCfg = Release|Any CPU
		{D1C49D1A-1B99-454F-B895-D69B8031A1B4}.Release|Any CPU.Build.0 = Release|Any CPU
		{9214685F-6328-4E29-BFAF-C15001DB4148}.Debug|Any CPU.ActiveCfg = Debug|Any CPU
		{9214685F-6328-4E29-BFAF-C15001DB4148}.Debug|Any CPU.Build.0 = Debug|Any CPU
		{9214685F-6328-4E29-BFAF-C15001DB4148}.Release|Any CPU.ActiveCfg = Release|Any CPU
		{9214685F-6328-4E29-BFAF-C15001DB4148}.Release|Any CPU.Build.0 = Release|Any CPU
		{0D099665-420B-42F1-88AA-58B683BCFEA8}.Debug|Any CPU.ActiveCfg = Debug|Any CPU
		{0D099665-420B-42F1-88AA-58B683BCFEA8}.Debug|Any CPU.Build.0 = Debug|Any CPU
		{0D099665-420B-42F1-88AA-58B683BCFEA8}.Release|Any CPU.ActiveCfg = Release|Any CPU
		{0D099665-420B-42F1-88AA-58B683BCFEA8}.Release|Any CPU.Build.0 = Release|Any CPU
		{D1F0C82B-A781-4509-869A-C99CD0DC386C}.Debug|Any CPU.ActiveCfg = Debug|Any CPU
		{D1F0C82B-A781-4509-869A-C99CD0DC386C}.Debug|Any CPU.Build.0 = Debug|Any CPU
		{D1F0C82B-A781-4509-869A-C99CD0DC386C}.Release|Any CPU.ActiveCfg = Release|Any CPU
		{D1F0C82B-A781-4509-869A-C99CD0DC386C}.Release|Any CPU.Build.0 = Release|Any CPU
		{EA060D06-C3CA-4ECC-B24E-2D54F5ADEB3C}.Debug|Any CPU.ActiveCfg = Debug|Any CPU
		{EA060D06-C3CA-4ECC-B24E-2D54F5ADEB3C}.Debug|Any CPU.Build.0 = Debug|Any CPU
		{EA060D06-C3CA-4ECC-B24E-2D54F5ADEB3C}.Release|Any CPU.ActiveCfg = Release|Any CPU
		{EA060D06-C3CA-4ECC-B24E-2D54F5ADEB3C}.Release|Any CPU.Build.0 = Release|Any CPU
	EndGlobalSection
	GlobalSection(SolutionProperties) = preSolution
		HideSolutionNode = FALSE
	EndGlobalSection
	GlobalSection(ExtensibilityGlobals) = postSolution
		SolutionGuid = {5F7B2BCF-B82E-4EAD-82B1-BE9A508E3CAF}
	EndGlobalSection
EndGlobal
