
Microsoft Visual Studio Solution File, Format Version 12.00
# Visual Studio Version 16
VisualStudioVersion = 16.0.32901.82
MinimumVisualStudioVersion = 10.0.40219.1
Project("{FAE04EC0-301F-11D3-BF4B-00C04F79EFBC}") = "01.SmallestOfThreeNumbers", "01.SmallestOfThreeNumbers\01.SmallestOfThreeNumbers.csproj", "{D600E2CF-065D-4F4A-92D8-2337A370FD3A}"
EndProject
Project("{FAE04EC0-301F-11D3-BF4B-00C04F79EFBC}") = "02.VowelsCount", "02.VowelsCount\02.VowelsCount.csproj", "{516F8A86-61A8-41BC-A45A-B7FE58E07BFD}"
EndProject
Project("{FAE04EC0-301F-11D3-BF4B-00C04F79EFBC}") = "03.CharactersInRange", "03.CharactersInRange\03.CharactersInRange.csproj", "{06E45A62-7296-4B08-8E4E-68AA69B1F41F}"
EndProject
Project("{FAE04EC0-301F-11D3-BF4B-00C04F79EFBC}") = "04.PasswordValidator", "04.PasswordValidator\04.PasswordValidator.csproj", "{E68F76F1-B9D4-4AB0-8DCE-DAF5B8EB4272}"
EndProject
Project("{FAE04EC0-301F-11D3-BF4B-00C04F79EFBC}") = "05.AddAndSubtract", "05.AddAndSubtract\05.AddAndSubtract.csproj", "{646DE4F3-CC98-4E74-9C7D-FE71EBADC61F}"
EndProject
Project("{FAE04EC0-301F-11D3-BF4B-00C04F79EFBC}") = "06.MiddleCharacters", "06.MiddleCharacters\06.MiddleCharacters.csproj", "{5C842386-B5B8-4078-98C1-24B3B5B119C6}"
EndProject
Project("{FAE04EC0-301F-11D3-BF4B-00C04F79EFBC}") = "07.NxNMatrix", "07.NxNMatrix\07.NxNMatrix.csproj", "{916B7BC3-35E6-49C1-89E9-798AB9BA07F8}"
EndProject
Project("{FAE04EC0-301F-11D3-BF4B-00C04F79EFBC}") = "08.FactorialDivision", "08.FactorialDivision\08.FactorialDivision.csproj", "{A55DDC6F-62DF-4AA4-90DC-1B68331D66BD}"
EndProject
Project("{FAE04EC0-301F-11D3-BF4B-00C04F79EFBC}") = "09.PalindromeIntegers", "09.PalindromeIntegers\09.PalindromeIntegers.csproj", "{84ABDC5D-94BE-4819-B8FD-F70F7C58610F}"
EndProject
Project("{FAE04EC0-301F-11D3-BF4B-00C04F79EFBC}") = "10.TopNumber", "10.TopNumber\10.TopNumber.csproj", "{33AF3B98-9147-47AF-8E7A-3A23CA8DC114}"
EndProject
Project("{FAE04EC0-301F-11D3-BF4B-00C04F79EFBC}") = "11.ArrayManipulator", "11.ArrayManipulator\11.ArrayManipulator.csproj", "{A7F0DB93-C1B0-4CB5-ADE8-58A170A13B04}"
EndProject
Global
	GlobalSection(SolutionConfigurationPlatforms) = preSolution
		Debug|Any CPU = Debug|Any CPU
		Release|Any CPU = Release|Any CPU
	EndGlobalSection
	GlobalSection(ProjectConfigurationPlatforms) = postSolution
		{D600E2CF-065D-4F4A-92D8-2337A370FD3A}.Debug|Any CPU.ActiveCfg = Debug|Any CPU
		{D600E2CF-065D-4F4A-92D8-2337A370FD3A}.Debug|Any CPU.Build.0 = Debug|Any CPU
		{D600E2CF-065D-4F4A-92D8-2337A370FD3A}.Release|Any CPU.ActiveCfg = Release|Any CPU
		{D600E2CF-065D-4F4A-92D8-2337A370FD3A}.Release|Any CPU.Build.0 = Release|Any CPU
		{516F8A86-61A8-41BC-A45A-B7FE58E07BFD}.Debug|Any CPU.ActiveCfg = Debug|Any CPU
		{516F8A86-61A8-41BC-A45A-B7FE58E07BFD}.Debug|Any CPU.Build.0 = Debug|Any CPU
		{516F8A86-61A8-41BC-A45A-B7FE58E07BFD}.Release|Any CPU.ActiveCfg = Release|Any CPU
		{516F8A86-61A8-41BC-A45A-B7FE58E07BFD}.Release|Any CPU.Build.0 = Release|Any CPU
		{06E45A62-7296-4B08-8E4E-68AA69B1F41F}.Debug|Any CPU.ActiveCfg = Debug|Any CPU
		{06E45A62-7296-4B08-8E4E-68AA69B1F41F}.Debug|Any CPU.Build.0 = Debug|Any CPU
		{06E45A62-7296-4B08-8E4E-68AA69B1F41F}.Release|Any CPU.ActiveCfg = Release|Any CPU
		{06E45A62-7296-4B08-8E4E-68AA69B1F41F}.Release|Any CPU.Build.0 = Release|Any CPU
		{E68F76F1-B9D4-4AB0-8DCE-DAF5B8EB4272}.Debug|Any CPU.ActiveCfg = Debug|Any CPU
		{E68F76F1-B9D4-4AB0-8DCE-DAF5B8EB4272}.Debug|Any CPU.Build.0 = Debug|Any CPU
		{E68F76F1-B9D4-4AB0-8DCE-DAF5B8EB4272}.Release|Any CPU.ActiveCfg = Release|Any CPU
		{E68F76F1-B9D4-4AB0-8DCE-DAF5B8EB4272}.Release|Any CPU.Build.0 = Release|Any CPU
		{646DE4F3-CC98-4E74-9C7D-FE71EBADC61F}.Debug|Any CPU.ActiveCfg = Debug|Any CPU
		{646DE4F3-CC98-4E74-9C7D-FE71EBADC61F}.Debug|Any CPU.Build.0 = Debug|Any CPU
		{646DE4F3-CC98-4E74-9C7D-FE71EBADC61F}.Release|Any CPU.ActiveCfg = Release|Any CPU
		{646DE4F3-CC98-4E74-9C7D-FE71EBADC61F}.Release|Any CPU.Build.0 = Release|Any CPU
		{5C842386-B5B8-4078-98C1-24B3B5B119C6}.Debug|Any CPU.ActiveCfg = Debug|Any CPU
		{5C842386-B5B8-4078-98C1-24B3B5B119C6}.Debug|Any CPU.Build.0 = Debug|Any CPU
		{5C842386-B5B8-4078-98C1-24B3B5B119C6}.Release|Any CPU.ActiveCfg = Release|Any CPU
		{5C842386-B5B8-4078-98C1-24B3B5B119C6}.Release|Any CPU.Build.0 = Release|Any CPU
		{916B7BC3-35E6-49C1-89E9-798AB9BA07F8}.Debug|Any CPU.ActiveCfg = Debug|Any CPU
		{916B7BC3-35E6-49C1-89E9-798AB9BA07F8}.Debug|Any CPU.Build.0 = Debug|Any CPU
		{916B7BC3-35E6-49C1-89E9-798AB9BA07F8}.Release|Any CPU.ActiveCfg = Release|Any CPU
		{916B7BC3-35E6-49C1-89E9-798AB9BA07F8}.Release|Any CPU.Build.0 = Release|Any CPU
		{A55DDC6F-62DF-4AA4-90DC-1B68331D66BD}.Debug|Any CPU.ActiveCfg = Debug|Any CPU
		{A55DDC6F-62DF-4AA4-90DC-1B68331D66BD}.Debug|Any CPU.Build.0 = Debug|Any CPU
		{A55DDC6F-62DF-4AA4-90DC-1B68331D66BD}.Release|Any CPU.ActiveCfg = Release|Any CPU
		{A55DDC6F-62DF-4AA4-90DC-1B68331D66BD}.Release|Any CPU.Build.0 = Release|Any CPU
		{84ABDC5D-94BE-4819-B8FD-F70F7C58610F}.Debug|Any CPU.ActiveCfg = Debug|Any CPU
		{84ABDC5D-94BE-4819-B8FD-F70F7C58610F}.Debug|Any CPU.Build.0 = Debug|Any CPU
		{84ABDC5D-94BE-4819-B8FD-F70F7C58610F}.Release|Any CPU.ActiveCfg = Release|Any CPU
		{84ABDC5D-94BE-4819-B8FD-F70F7C58610F}.Release|Any CPU.Build.0 = Release|Any CPU
		{33AF3B98-9147-47AF-8E7A-3A23CA8DC114}.Debug|Any CPU.ActiveCfg = Debug|Any CPU
		{33AF3B98-9147-47AF-8E7A-3A23CA8DC114}.Debug|Any CPU.Build.0 = Debug|Any CPU
		{33AF3B98-9147-47AF-8E7A-3A23CA8DC114}.Release|Any CPU.ActiveCfg = Release|Any CPU
		{33AF3B98-9147-47AF-8E7A-3A23CA8DC114}.Release|Any CPU.Build.0 = Release|Any CPU
		{A7F0DB93-C1B0-4CB5-ADE8-58A170A13B04}.Debug|Any CPU.ActiveCfg = Debug|Any CPU
		{A7F0DB93-C1B0-4CB5-ADE8-58A170A13B04}.Debug|Any CPU.Build.0 = Debug|Any CPU
		{A7F0DB93-C1B0-4CB5-ADE8-58A170A13B04}.Release|Any CPU.ActiveCfg = Release|Any CPU
		{A7F0DB93-C1B0-4CB5-ADE8-58A170A13B04}.Release|Any CPU.Build.0 = Release|Any CPU
	EndGlobalSection
	GlobalSection(SolutionProperties) = preSolution
		HideSolutionNode = FALSE
	EndGlobalSection
	GlobalSection(ExtensibilityGlobals) = postSolution
		SolutionGuid = {5AC59A9D-1A1A-44C9-8248-5EBA0BA10FC6}
	EndGlobalSection
EndGlobal
